Microsoft Visual Studio Solution File, Format Version 12.00
# Visual Studio 15
VisualStudioVersion = 15.0.27130.2003
MinimumVisualStudioVersion = 10.0.40219.1
Project("{FAE04EC0-301F-11D3-BF4B-00C04F79EFBC}") = "DroidvigiaCompat", "DroidvigiaCompat\DroidvigiaCompat.csproj", "{1E2D730C-56A7-4D16-A742-58BEC46AAD7C}"
EndProject
Project("{FAE04EC0-301F-11D3-BF4B-00C04F79EFBC}") = "JDtmfBindingLib", "..\DroidToneDecoder JavaInline\JDtmfBindingLib\JDtmfBindingLib.csproj", "{A5ECE9F0-B826-4EEB-9100-B1C920564BDB}"
EndProject
Global
	GlobalSection(SolutionConfigurationPlatforms) = preSolution
		Debug|Any CPU = Debug|Any CPU
		Release|Any CPU = Release|Any CPU
	EndGlobalSection
	GlobalSection(ProjectConfigurationPlatforms) = postSolution
		{1E2D730C-56A7-4D16-A742-58BEC46AAD7C}.Debug|Any CPU.ActiveCfg = Debug|Any CPU
		{1E2D730C-56A7-4D16-A742-58BEC46AAD7C}.Debug|Any CPU.Build.0 = Debug|Any CPU
		{1E2D730C-56A7-4D16-A742-58BEC46AAD7C}.Debug|Any CPU.Deploy.0 = Debug|Any CPU
		{1E2D730C-56A7-4D16-A742-58BEC46AAD7C}.Release|Any CPU.ActiveCfg = Release|Any CPU
		{1E2D730C-56A7-4D16-A742-58BEC46AAD7C}.Release|Any CPU.Build.0 = Release|Any CPU
		{1E2D730C-56A7-4D16-A742-58BEC46AAD7C}.Release|Any CPU.Deploy.0 = Release|Any CPU
		{A5ECE9F0-B826-4EEB-9100-B1C920564BDB}.Debug|Any CPU.ActiveCfg = Debug|Any CPU
		{A5ECE9F0-B826-4EEB-9100-B1C920564BDB}.Debug|Any CPU.Build.0 = Debug|Any CPU
		{A5ECE9F0-B826-4EEB-9100-B1C920564BDB}.Release|Any CPU.ActiveCfg = Release|Any CPU
		{A5ECE9F0-B826-4EEB-9100-B1C920564BDB}.Release|Any CPU.Build.0 = Release|Any CPU
	EndGlobalSection
	GlobalSection(SolutionProperties) = preSolution
		HideSolutionNode = FALSE
	EndGlobalSection
	GlobalSection(ExtensibilityGlobals) = postSolution
		SolutionGuid = {46913DDC-40E9-4F99-B8EC-B5E6CA4E0449}
	EndGlobalSection
EndGlobal
